
Microsoft Visual Studio Solution File, Format Version 12.00
# Visual Studio Version 16
VisualStudioVersion = 16.0.29920.165
MinimumVisualStudioVersion = 10.0.40219.1
Project("{FAE04EC0-301F-11D3-BF4B-00C04F79EFBC}") = "F360", "F360\F360.csproj", "{20C2C76D-32CF-4604-9757-8BB3F46E1687}"
EndProject
Project("{FAE04EC0-301F-11D3-BF4B-00C04F79EFBC}") = "Klingon", "Klingon\Klingon.csproj", "{5826B8C4-4971-42A3-888D-9C0D236289BD}"
EndProject
Global
	GlobalSection(SolutionConfigurationPlatforms) = preSolution
		Debug|Any CPU = Debug|Any CPU
		Release|Any CPU = Release|Any CPU
	EndGlobalSection
	GlobalSection(ProjectConfigurationPlatforms) = postSolution
		{20C2C76D-32CF-4604-9757-8BB3F46E1687}.Debug|Any CPU.ActiveCfg = Debug|Any CPU
		{20C2C76D-32CF-4604-9757-8BB3F46E1687}.Debug|Any CPU.Build.0 = Debug|Any CPU
		{20C2C76D-32CF-4604-9757-8BB3F46E1687}.Release|Any CPU.ActiveCfg = Release|Any CPU
		{20C2C76D-32CF-4604-9757-8BB3F46E1687}.Release|Any CPU.Build.0 = Release|Any CPU
		{5826B8C4-4971-42A3-888D-9C0D236289BD}.Debug|Any CPU.ActiveCfg = Debug|Any CPU
		{5826B8C4-4971-42A3-888D-9C0D236289BD}.Debug|Any CPU.Build.0 = Debug|Any CPU
		{5826B8C4-4971-42A3-888D-9C0D236289BD}.Release|Any CPU.ActiveCfg = Release|Any CPU
		{5826B8C4-4971-42A3-888D-9C0D236289BD}.Release|Any CPU.Build.0 = Release|Any CPU
	EndGlobalSection
	GlobalSection(SolutionProperties) = preSolution
		HideSolutionNode = FALSE
	EndGlobalSection
	GlobalSection(ExtensibilityGlobals) = postSolution
		SolutionGuid = {72BA4AA5-84F8-4628-B1CC-8A144BE6B031}
	EndGlobalSection
EndGlobal
